// !$*UTF8*$!
{
	archiveVersion = 1;
	classes = {
	};
	objectVersion = 56;
	objects = {

/* Begin PBXBuildFile section */
		2178BADF2A4067A4000B8323 /* ZJHStaticSDK2.m in Sources */ = {isa = PBXBuildFile; fileRef = 2178BADE2A4067A4000B8323 /* ZJHStaticSDK2.m */; };
		2178BAE02A4067A4000B8323 /* ZJHStaticSDK2.h in CopyFiles */ = {isa = PBXBuildFile; fileRef = 2178BADD2A4067A4000B8323 /* ZJHStaticSDK2.h */; };
		2178BAE82A4067B7000B8323 /* ZJHStaticPublicTool.m in Sources */ = {isa = PBXBuildFile; fileRef = 2178BAE72A4067B7000B8323 /* ZJHStaticPublicTool.m */; };
		2178BAE92A406806000B8323 /* ZJHStaticPublicTool.h in CopyFiles */ = {isa = PBXBuildFile; fileRef = 2178BAE62A4067B7000B8323 /* ZJHStaticPublicTool.h */; };
		2178BAF22A406990000B8323 /* ZJHStaticPrivateTool.m in Sources */ = {isa = PBXBuildFile; fileRef = 2178BAF12A406990000B8323 /* ZJHStaticPrivateTool.m */; };
/* End PBXBuildFile section */

/* Begin PBXCopyFilesBuildPhase section */
		2178BAD82A4067A4000B8323 /* CopyFiles */ = {
			isa = PBXCopyFilesBuildPhase;
			buildActionMask = 2147483647;
			dstPath = "include/$(PRODUCT_NAME)";
			dstSubfolderSpec = 16;
			files = (
				2178BAE92A406806000B8323 /* ZJHStaticPublicTool.h in CopyFiles */,
				2178BAE02A4067A4000B8323 /* ZJHStaticSDK2.h in CopyFiles */,
			);
			runOnlyForDeploymentPostprocessing = 0;
		};
/* End PBXCopyFilesBuildPhase section */

/* Begin PBXFileReference section */
		2178BADA2A4067A4000B8323 /* libZJHStaticSDK2.a */ = {isa = PBXFileReference; explicitFileType = archive.ar; includeInIndex = 0; path = libZJHStaticSDK2.a; sourceTree = BUILT_PRODUCTS_DIR; };
		2178BADD2A4067A4000B8323 /* ZJHStaticSDK2.h */ = {isa = PBXFileReference; lastKnownFileType = sourcecode.c.h; path = ZJHStaticSDK2.h; sourceTree = "<group>"; };
		2178BADE2A4067A4000B8323 /* ZJHStaticSDK2.m */ = {isa = PBXFileReference; lastKnownFileType = sourcecode.c.objc; path = ZJHStaticSDK2.m; sourceTree = "<group>"; };
		2178BAE62A4067B7000B8323 /* ZJHStaticPublicTool.h */ = {isa = PBXFileReference; lastKnownFileType = sourcecode.c.h; path = ZJHStaticPublicTool.h; sourceTree = "<group>"; };
		2178BAE72A4067B7000B8323 /* ZJHStaticPublicTool.m */ = {isa = PBXFileReference; lastKnownFileType = sourcecode.c.objc; path = ZJHStaticPublicTool.m; sourceTree = "<group>"; };
		2178BAF02A406990000B8323 /* ZJHStaticPrivateTool.h */ = {isa = PBXFileReference; lastKnownFileType = sourcecode.c.h; path = ZJHStaticPrivateTool.h; sourceTree = "<group>"; };
		2178BAF12A406990000B8323 /* ZJHStaticPrivateTool.m */ = {isa = PBXFileReference; lastKnownFileType = sourcecode.c.objc; path = ZJHStaticPrivateTool.m; sourceTree = "<group>"; };
/* End PBXFileReference section */

/* Begin PBXFrameworksBuildPhase section */
		2178BAD72A4067A4000B8323 /* Frameworks */ = {
			isa = PBXFrameworksBuildPhase;
			buildActionMask = 2147483647;
			files = (
			);
			runOnlyForDeploymentPostprocessing = 0;
		};
/* End PBXFrameworksBuildPhase section */

/* Begin PBXGroup section */
		2178BAD12A4067A4000B8323 = {
			isa = PBXGroup;
			children = (
				2178BADC2A4067A4000B8323 /* ZJHStaticSDK2 */,
				2178BADB2A4067A4000B8323 /* Products */,
			);
			sourceTree = "<group>";
		};
		2178BADB2A4067A4000B8323 /* Products */ = {
			isa = PBXGroup;
			children = (
				2178BADA2A4067A4000B8323 /* libZJHStaticSDK2.a */,
			);
			name = Products;
			sourceTree = "<group>";
		};
		2178BADC2A4067A4000B8323 /* ZJHStaticSDK2 */ = {
			isa = PBXGroup;
			children = (
				2178BADD2A4067A4000B8323 /* ZJHStaticSDK2.h */,
				2178BADE2A4067A4000B8323 /* ZJHStaticSDK2.m */,
				2178BAE62A4067B7000B8323 /* ZJHStaticPublicTool.h */,
				2178BAE72A4067B7000B8323 /* ZJHStaticPublicTool.m */,
				2178BAF02A406990000B8323 /* ZJHStaticPrivateTool.h */,
				2178BAF12A406990000B8323 /* ZJHStaticPrivateTool.m */,
			);
			path = ZJHStaticSDK2;
			sourceTree = "<group>";
		};
/* End PBXGroup section */

/* Begin PBXNativeTarget section */
		2178BAD92A4067A4000B8323 /* ZJHStaticSDK2 */ = {
			isa = PBXNativeTarget;
			buildConfigurationList = 2178BAE32A4067A4000B8323 /* Build configuration list for PBXNativeTarget "ZJHStaticSDK2" */;
			buildPhases = (
				2178BAD62A4067A4000B8323 /* Sources */,
				2178BAD72A4067A4000B8323 /* Frameworks */,
				2178BAD82A4067A4000B8323 /* CopyFiles */,
			);
			buildRules = (
			);
			dependencies = (
			);
			name = ZJHStaticSDK2;
			productName = ZJHStaticSDK2;
			productReference = 2178BADA2A4067A4000B8323 /* libZJHStaticSDK2.a */;
			productType = "com.apple.product-type.library.static";
		};
/* End PBXNativeTarget section */

/* Begin PBXProject section */
		2178BAD22A4067A4000B8323 /* Project object */ = {
			isa = PBXProject;
			attributes = {
				BuildIndependentTargetsInParallel = 1;
				LastUpgradeCheck = 1410;
				TargetAttributes = {
					2178BAD92A4067A4000B8323 = {
						CreatedOnToolsVersion = 14.1;
					};
				};
			};
			buildConfigurationList = 2178BAD52A4067A4000B8323 /* Build configuration list for PBXProject "ZJHStaticSDK2" */;
			compatibilityVersion = "Xcode 14.0";
			developmentRegion = en;
			hasScannedForEncodings = 0;
			knownRegions = (
				en,
				Base,
			);
			mainGroup = 2178BAD12A4067A4000B8323;
			productRefGroup = 2178BADB2A4067A4000B8323 /* Products */;
			projectDirPath = "";
			projectRoot = "";
			targets = (
				2178BAD92A4067A4000B8323 /* ZJHStaticSDK2 */,
			);
		};
/* End PBXProject section */

/* Begin PBXSourcesBuildPhase section */
		2178BAD62A4067A4000B8323 /* Sources */ = {
			isa = PBXSourcesBuildPhase;
			buildActionMask = 2147483647;
			files = (
				2178BADF2A4067A4000B8323 /* ZJHStaticSDK2.m in Sources */,
				2178BAF22A406990000B8323 /* ZJHStaticPrivateTool.m in Sources */,
				2178BAE82A4067B7000B8323 /* ZJHStaticPublicTool.m in Sources */,
			);
			runOnlyForDeploymentPostprocessing = 0;
		};
/* End PBXSourcesBuildPhase section */

/* Begin XCBuildConfiguration section */
		2178BAE12A4067A4000B8323 /* Debug */ = {
			isa = XCBuildConfiguration;
			buildSettings = {
				ALWAYS_SEARCH_USER_PATHS = NO;
				CLANG_ANALYZER_NONNULL = YES;
				CLANG_ANALYZER_NUMBER_OBJECT_CONVERSION = YES_AGGRESSIVE;
				CLANG_CXX_LANGUAGE_STANDARD = "gnu++20";
				CLANG_ENABLE_MODULES = YES;
				CLANG_ENABLE_OBJC_ARC = YES;
				CLANG_ENABLE_OBJC_WEAK = YES;
				CLANG_WARN_BLOCK_CAPTURE_AUTORELEASING = YES;
				CLANG_WARN_BOOL_CONVERSION = YES;
				CLANG_WARN_COMMA = YES;
				CLANG_WARN_CONSTANT_CONVERSION = YES;
				CLANG_WARN_DEPRECATED_OBJC_IMPLEMENTATIONS = YES;
				CLANG_WARN_DIRECT_OBJC_ISA_USAGE = YES_ERROR;
				CLANG_WARN_DOCUMENTATION_COMMENTS = YES;
				CLANG_WARN_EMPTY_BODY = YES;
				CLANG_WARN_ENUM_CONVERSION = YES;
				CLANG_WARN_INFINITE_RECURSION = YES;
				CLANG_WARN_INT_CONVERSION = YES;
				CLANG_WARN_NON_LITERAL_NULL_CONVERSION = YES;
				CLANG_WARN_OBJC_IMPLICIT_RETAIN_SELF = YES;
				CLANG_WARN_OBJC_LITERAL_CONVERSION = YES;
				CLANG_WARN_OBJC_ROOT_CLASS = YES_ERROR;
				CLANG_WARN_QUOTED_INCLUDE_IN_FRAMEWORK_HEADER = YES;
				CLANG_WARN_RANGE_LOOP_ANALYSIS = YES;
				CLANG_WARN_STRICT_PROTOTYPES = YES;
				CLANG_WARN_SUSPICIOUS_MOVE = YES;
				CLANG_WARN_UNGUARDED_AVAILABILITY = YES_AGGRESSIVE;
				CLANG_WARN_UNREACHABLE_CODE = YES;
				CLANG_WARN__DUPLICATE_METHOD_MATCH = YES;
				COPY_PHASE_STRIP = NO;
				DEBUG_INFORMATION_FORMAT = dwarf;
				ENABLE_STRICT_OBJC_MSGSEND = YES;
				ENABLE_TESTABILITY = YES;
				GCC_C_LANGUAGE_STANDARD = gnu11;
				GCC_DYNAMIC_NO_PIC = NO;
				GCC_NO_COMMON_BLOCKS = YES;
				GCC_OPTIMIZATION_LEVEL = 0;
				GCC_PREPROCESSOR_DEFINITIONS = (
					"DEBUG=1",
					"$(inherited)",
				);
				GCC_WARN_64_TO_32_BIT_CONVERSION = YES;
				GCC_WARN_ABOUT_RETURN_TYPE = YES_ERROR;
				GCC_WARN_UNDECLARED_SELECTOR = YES;
				GCC_WARN_UNINITIALIZED_AUTOS = YES_AGGRESSIVE;
				GCC_WARN_UNUSED_FUNCTION = YES;
				GCC_WARN_UNUSED_VARIABLE = YES;
				IPHONEOS_DEPLOYMENT_TARGET = 16.1;
				MTL_ENABLE_DEBUG_INFO = INCLUDE_SOURCE;
				MTL_FAST_MATH = YES;
				ONLY_ACTIVE_ARCH = YES;
				SDKROOT = iphoneos;
			};
			name = Debug;
		};
		2178BAE22A4067A4000B8323 /* Release */ = {
			isa = XCBuildConfiguration;
			buildSettings = {
				ALWAYS_SEARCH_USER_PATHS = NO;
				CLANG_ANALYZER_NONNULL = YES;
				CLANG_ANALYZER_NUMBER_OBJECT_CONVERSION = YES_AGGRESSIVE;
				CLANG_CXX_LANGUAGE_STANDARD = "gnu++20";
				CLANG_ENABLE_MODULES = YES;
				CLANG_ENABLE_OBJC_ARC = YES;
				CLANG_ENABLE_OBJC_WEAK = YES;
				CLANG_WARN_BLOCK_CAPTURE_AUTORELEASING = YES;
				CLANG_WARN_BOOL_CONVERSION = YES;
				CLANG_WARN_COMMA = YES;
				CLANG_WARN_CONSTANT_CONVERSION = YES;
				CLANG_WARN_DEPRECATED_OBJC_IMPLEMENTATIONS = YES;
				CLANG_WARN_DIRECT_OBJC_ISA_USAGE = YES_ERROR;
				CLANG_WARN_DOCUMENTATION_COMMENTS = YES;
				CLANG_WARN_EMPTY_BODY = YES;
				CLANG_WARN_ENUM_CONVERSION = YES;
				CLANG_WARN_INFINITE_RECURSION = YES;
				CLANG_WARN_INT_CONVERSION = YES;
				CLANG_WARN_NON_LITERAL_NULL_CONVERSION = YES;
				CLANG_WARN_OBJC_IMPLICIT_RETAIN_SELF = YES;
				CLANG_WARN_OBJC_LITERAL_CONVERSION = YES;
				CLANG_WARN_OBJC_ROOT_CLASS = YES_ERROR;
				CLANG_WARN_QUOTED_INCLUDE_IN_FRAMEWORK_HEADER = YES;
				CLANG_WARN_RANGE_LOOP_ANALYSIS = YES;
				CLANG_WARN_STRICT_PROTOTYPES = YES;
				CLANG_WARN_SUSPICIOUS_MOVE = YES;
				CLANG_WARN_UNGUARDED_AVAILABILITY = YES_AGGRESSIVE;
				CLANG_WARN_UNREACHABLE_CODE = YES;
				CLANG_WARN__DUPLICATE_METHOD_MATCH = YES;
				COPY_PHASE_STRIP = NO;
				DEBUG_INFORMATION_FORMAT = "dwarf-with-dsym";
				ENABLE_NS_ASSERTIONS = NO;
				ENABLE_STRICT_OBJC_MSGSEND = YES;
				GCC_C_LANGUAGE_STANDARD = gnu11;
				GCC_NO_COMMON_BLOCKS = YES;
				GCC_WARN_64_TO_32_BIT_CONVERSION = YES;
				GCC_WARN_ABOUT_RETURN_TYPE = YES_ERROR;
				GCC_WARN_UNDECLARED_SELECTOR = YES;
				GCC_WARN_UNINITIALIZED_AUTOS = YES_AGGRESSIVE;
				GCC_WARN_UNUSED_FUNCTION = YES;
				GCC_WARN_UNUSED_VARIABLE = YES;
				IPHONEOS_DEPLOYMENT_TARGET = 16.1;
				MTL_ENABLE_DEBUG_INFO = NO;
				MTL_FAST_MATH = YES;
				SDKROOT = iphoneos;
				VALIDATE_PRODUCT = YES;
			};
			name = Release;
		};
		2178BAE42A4067A4000B8323 /* Debug */ = {
			isa = XCBuildConfiguration;
			buildSettings = {
				CODE_SIGN_STYLE = Automatic;
				OTHER_LDFLAGS = "-ObjC";
				PRODUCT_NAME = "$(TARGET_NAME)";
				SKIP_INSTALL = YES;
				TARGETED_DEVICE_FAMILY = "1,2";
			};
			name = Debug;
		};
		2178BAE52A4067A4000B8323 /* Release */ = {
			isa = XCBuildConfiguration;
			buildSettings = {
				CODE_SIGN_STYLE = Automatic;
				OTHER_LDFLAGS = "-ObjC";
				PRODUCT_NAME = "$(TARGET_NAME)";
				SKIP_INSTALL = YES;
				TARGETED_DEVICE_FAMILY = "1,2";
			};
			name = Release;
		};
/* End XCBuildConfiguration section */

/* Begin XCConfigurationList section */
		2178BAD52A4067A4000B8323 /* Build configuration list for PBXProject "ZJHStaticSDK2" */ = {
			isa = XCConfigurationList;
			buildConfigurations = (
				2178BAE12A4067A4000B8323 /* Debug */,
				2178BAE22A4067A4000B8323 /* Release */,
			);
			defaultConfigurationIsVisible = 0;
			defaultConfigurationName = Release;
		};
		2178BAE32A4067A4000B8323 /* Build configuration list for PBXNativeTarget "ZJHStaticSDK2" */ = {
			isa = XCConfigurationList;
			buildConfigurations = (
				2178BAE42A4067A4000B8323 /* Debug */,
				2178BAE52A4067A4000B8323 /* Release */,
			);
			defaultConfigurationIsVisible = 0;
			defaultConfigurationName = Release;
		};
/* End XCConfigurationList section */
	};
	rootObject = 2178BAD22A4067A4000B8323 /* Project object */;
}
