// !$*UTF8*$!
{
	archiveVersion = 1;
	classes = {
	};
	objectVersion = 56;
	objects = {

/* Begin PBXBuildFile section */
		214D48F42A4D2BC1003C2FFA /* ZJHDynamicSDK.framework in Frameworks */ = {isa = PBXBuildFile; fileRef = 214D48F32A4D2BC1003C2FFA /* ZJHDynamicSDK.framework */; };
		217B9D752A417FC1000F38C0 /* libZJHStaticSDK.a in Frameworks */ = {isa = PBXBuildFile; fileRef = 217B9D6F2A417FC1000F38C0 /* libZJHStaticSDK.a */; };
		21919DBF2A40613A008ECA4F /* AppDelegate.m in Sources */ = {isa = PBXBuildFile; fileRef = 21919DBE2A40613A008ECA4F /* AppDelegate.m */; };
		21919DC22A40613B008ECA4F /* SceneDelegate.m in Sources */ = {isa = PBXBuildFile; fileRef = 21919DC12A40613B008ECA4F /* SceneDelegate.m */; };
		21919DC52A40613B008ECA4F /* ViewController.m in Sources */ = {isa = PBXBuildFile; fileRef = 21919DC42A40613B008ECA4F /* ViewController.m */; };
		21919DC82A40613B008ECA4F /* Main.storyboard in Resources */ = {isa = PBXBuildFile; fileRef = 21919DC62A40613B008ECA4F /* Main.storyboard */; };
		21919DCA2A40613C008ECA4F /* Assets.xcassets in Resources */ = {isa = PBXBuildFile; fileRef = 21919DC92A40613C008ECA4F /* Assets.xcassets */; };
		21919DCD2A40613C008ECA4F /* LaunchScreen.storyboard in Resources */ = {isa = PBXBuildFile; fileRef = 21919DCB2A40613C008ECA4F /* LaunchScreen.storyboard */; };
		21919DD02A40613C008ECA4F /* main.m in Sources */ = {isa = PBXBuildFile; fileRef = 21919DCF2A40613C008ECA4F /* main.m */; };
/* End PBXBuildFile section */

/* Begin PBXFileReference section */
		214D48F32A4D2BC1003C2FFA /* ZJHDynamicSDK.framework */ = {isa = PBXFileReference; lastKnownFileType = wrapper.framework; path = ZJHDynamicSDK.framework; sourceTree = "<group>"; };
		217B9D6F2A417FC1000F38C0 /* libZJHStaticSDK.a */ = {isa = PBXFileReference; lastKnownFileType = archive.ar; path = libZJHStaticSDK.a; sourceTree = "<group>"; };
		217B9D722A417FC1000F38C0 /* ZJHStaticSDK.h */ = {isa = PBXFileReference; fileEncoding = 4; lastKnownFileType = sourcecode.c.h; path = ZJHStaticSDK.h; sourceTree = "<group>"; };
		217B9D732A417FC1000F38C0 /* ZJHStaticPublicTool+Category.h */ = {isa = PBXFileReference; fileEncoding = 4; lastKnownFileType = sourcecode.c.h; path = "ZJHStaticPublicTool+Category.h"; sourceTree = "<group>"; };
		217B9D742A417FC1000F38C0 /* ZJHStaticPublicTool.h */ = {isa = PBXFileReference; fileEncoding = 4; lastKnownFileType = sourcecode.c.h; path = ZJHStaticPublicTool.h; sourceTree = "<group>"; };
		21919DBA2A40613A008ECA4F /* ZJHAppDemo2.app */ = {isa = PBXFileReference; explicitFileType = wrapper.application; includeInIndex = 0; path = ZJHAppDemo2.app; sourceTree = BUILT_PRODUCTS_DIR; };
		21919DBD2A40613A008ECA4F /* AppDelegate.h */ = {isa = PBXFileReference; lastKnownFileType = sourcecode.c.h; path = AppDelegate.h; sourceTree = "<group>"; };
		21919DBE2A40613A008ECA4F /* AppDelegate.m */ = {isa = PBXFileReference; lastKnownFileType = sourcecode.c.objc; path = AppDelegate.m; sourceTree = "<group>"; };
		21919DC02A40613A008ECA4F /* SceneDelegate.h */ = {isa = PBXFileReference; lastKnownFileType = sourcecode.c.h; path = SceneDelegate.h; sourceTree = "<group>"; };
		21919DC12A40613B008ECA4F /* SceneDelegate.m */ = {isa = PBXFileReference; lastKnownFileType = sourcecode.c.objc; path = SceneDelegate.m; sourceTree = "<group>"; };
		21919DC32A40613B008ECA4F /* ViewController.h */ = {isa = PBXFileReference; lastKnownFileType = sourcecode.c.h; path = ViewController.h; sourceTree = "<group>"; };
		21919DC42A40613B008ECA4F /* ViewController.m */ = {isa = PBXFileReference; lastKnownFileType = sourcecode.c.objc; path = ViewController.m; sourceTree = "<group>"; };
		21919DC72A40613B008ECA4F /* Base */ = {isa = PBXFileReference; lastKnownFileType = file.storyboard; name = Base; path = Base.lproj/Main.storyboard; sourceTree = "<group>"; };
		21919DC92A40613C008ECA4F /* Assets.xcassets */ = {isa = PBXFileReference; lastKnownFileType = folder.assetcatalog; path = Assets.xcassets; sourceTree = "<group>"; };
		21919DCC2A40613C008ECA4F /* Base */ = {isa = PBXFileReference; lastKnownFileType = file.storyboard; name = Base; path = Base.lproj/LaunchScreen.storyboard; sourceTree = "<group>"; };
		21919DCE2A40613C008ECA4F /* Info.plist */ = {isa = PBXFileReference; lastKnownFileType = text.plist.xml; path = Info.plist; sourceTree = "<group>"; };
		21919DCF2A40613C008ECA4F /* main.m */ = {isa = PBXFileReference; lastKnownFileType = sourcecode.c.objc; path = main.m; sourceTree = "<group>"; };
/* End PBXFileReference section */

/* Begin PBXFrameworksBuildPhase section */
		21919DB72A40613A008ECA4F /* Frameworks */ = {
			isa = PBXFrameworksBuildPhase;
			buildActionMask = 2147483647;
			files = (
				214D48F42A4D2BC1003C2FFA /* ZJHDynamicSDK.framework in Frameworks */,
				217B9D752A417FC1000F38C0 /* libZJHStaticSDK.a in Frameworks */,
			);
			runOnlyForDeploymentPostprocessing = 0;
		};
/* End PBXFrameworksBuildPhase section */

/* Begin PBXGroup section */
		217B9D702A417FC1000F38C0 /* include */ = {
			isa = PBXGroup;
			children = (
				217B9D712A417FC1000F38C0 /* ZJHStaticSDK */,
			);
			path = include;
			sourceTree = "<group>";
		};
		217B9D712A417FC1000F38C0 /* ZJHStaticSDK */ = {
			isa = PBXGroup;
			children = (
				217B9D722A417FC1000F38C0 /* ZJHStaticSDK.h */,
				217B9D732A417FC1000F38C0 /* ZJHStaticPublicTool+Category.h */,
				217B9D742A417FC1000F38C0 /* ZJHStaticPublicTool.h */,
			);
			path = ZJHStaticSDK;
			sourceTree = "<group>";
		};
		21919DB12A40613A008ECA4F = {
			isa = PBXGroup;
			children = (
				21919DBC2A40613A008ECA4F /* ZJHAppDemo2 */,
				21919DBB2A40613A008ECA4F /* Products */,
			);
			sourceTree = "<group>";
		};
		21919DBB2A40613A008ECA4F /* Products */ = {
			isa = PBXGroup;
			children = (
				21919DBA2A40613A008ECA4F /* ZJHAppDemo2.app */,
			);
			name = Products;
			sourceTree = "<group>";
		};
		21919DBC2A40613A008ECA4F /* ZJHAppDemo2 */ = {
			isa = PBXGroup;
			children = (
				21919DBD2A40613A008ECA4F /* AppDelegate.h */,
				21919DBE2A40613A008ECA4F /* AppDelegate.m */,
				21919DC02A40613A008ECA4F /* SceneDelegate.h */,
				21919DC12A40613B008ECA4F /* SceneDelegate.m */,
				21919DC32A40613B008ECA4F /* ViewController.h */,
				21919DC42A40613B008ECA4F /* ViewController.m */,
				214D48F32A4D2BC1003C2FFA /* ZJHDynamicSDK.framework */,
				217B9D702A417FC1000F38C0 /* include */,
				217B9D6F2A417FC1000F38C0 /* libZJHStaticSDK.a */,
				21919DC62A40613B008ECA4F /* Main.storyboard */,
				21919DC92A40613C008ECA4F /* Assets.xcassets */,
				21919DCB2A40613C008ECA4F /* LaunchScreen.storyboard */,
				21919DCE2A40613C008ECA4F /* Info.plist */,
				21919DCF2A40613C008ECA4F /* main.m */,
			);
			path = ZJHAppDemo2;
			sourceTree = "<group>";
		};
/* End PBXGroup section */

/* Begin PBXNativeTarget section */
		21919DB92A40613A008ECA4F /* ZJHAppDemo2 */ = {
			isa = PBXNativeTarget;
			buildConfigurationList = 21919DD32A40613C008ECA4F /* Build configuration list for PBXNativeTarget "ZJHAppDemo2" */;
			buildPhases = (
				21919DB62A40613A008ECA4F /* Sources */,
				21919DB72A40613A008ECA4F /* Frameworks */,
				21919DB82A40613A008ECA4F /* Resources */,
			);
			buildRules = (
			);
			dependencies = (
			);
			name = ZJHAppDemo2;
			productName = ZJHAppDemo2;
			productReference = 21919DBA2A40613A008ECA4F /* ZJHAppDemo2.app */;
			productType = "com.apple.product-type.application";
		};
/* End PBXNativeTarget section */

/* Begin PBXProject section */
		21919DB22A40613A008ECA4F /* Project object */ = {
			isa = PBXProject;
			attributes = {
				BuildIndependentTargetsInParallel = 1;
				LastUpgradeCheck = 1410;
				TargetAttributes = {
					21919DB92A40613A008ECA4F = {
						CreatedOnToolsVersion = 14.1;
					};
				};
			};
			buildConfigurationList = 21919DB52A40613A008ECA4F /* Build configuration list for PBXProject "ZJHAppDemo2" */;
			compatibilityVersion = "Xcode 14.0";
			developmentRegion = en;
			hasScannedForEncodings = 0;
			knownRegions = (
				en,
				Base,
			);
			mainGroup = 21919DB12A40613A008ECA4F;
			productRefGroup = 21919DB12A40613A008ECA4F;
			projectDirPath = "";
			projectRoot = "";
			targets = (
				21919DB92A40613A008ECA4F /* ZJHAppDemo2 */,
			);
		};
/* End PBXProject section */

/* Begin PBXResourcesBuildPhase section */
		21919DB82A40613A008ECA4F /* Resources */ = {
			isa = PBXResourcesBuildPhase;
			buildActionMask = 2147483647;
			files = (
				21919DCD2A40613C008ECA4F /* LaunchScreen.storyboard in Resources */,
				21919DCA2A40613C008ECA4F /* Assets.xcassets in Resources */,
				21919DC82A40613B008ECA4F /* Main.storyboard in Resources */,
			);
			runOnlyForDeploymentPostprocessing = 0;
		};
/* End PBXResourcesBuildPhase section */

/* Begin PBXSourcesBuildPhase section */
		21919DB62A40613A008ECA4F /* Sources */ = {
			isa = PBXSourcesBuildPhase;
			buildActionMask = 2147483647;
			files = (
				21919DC52A40613B008ECA4F /* ViewController.m in Sources */,
				21919DBF2A40613A008ECA4F /* AppDelegate.m in Sources */,
				21919DD02A40613C008ECA4F /* main.m in Sources */,
				21919DC22A40613B008ECA4F /* SceneDelegate.m in Sources */,
			);
			runOnlyForDeploymentPostprocessing = 0;
		};
/* End PBXSourcesBuildPhase section */

/* Begin PBXVariantGroup section */
		21919DC62A40613B008ECA4F /* Main.storyboard */ = {
			isa = PBXVariantGroup;
			children = (
				21919DC72A40613B008ECA4F /* Base */,
			);
			name = Main.storyboard;
			sourceTree = "<group>";
		};
		21919DCB2A40613C008ECA4F /* LaunchScreen.storyboard */ = {
			isa = PBXVariantGroup;
			children = (
				21919DCC2A40613C008ECA4F /* Base */,
			);
			name = LaunchScreen.storyboard;
			sourceTree = "<group>";
		};
/* End PBXVariantGroup section */

/* Begin XCBuildConfiguration section */
		21919DD12A40613C008ECA4F /* Debug */ = {
			isa = XCBuildConfiguration;
			buildSettings = {
				ALWAYS_SEARCH_USER_PATHS = NO;
				CLANG_ANALYZER_NONNULL = YES;
				CLANG_ANALYZER_NUMBER_OBJECT_CONVERSION = YES_AGGRESSIVE;
				CLANG_CXX_LANGUAGE_STANDARD = "gnu++20";
				CLANG_ENABLE_MODULES = YES;
				CLANG_ENABLE_OBJC_ARC = YES;
				CLANG_ENABLE_OBJC_WEAK = YES;
				CLANG_WARN_BLOCK_CAPTURE_AUTORELEASING = YES;
				CLANG_WARN_BOOL_CONVERSION = YES;
				CLANG_WARN_COMMA = YES;
				CLANG_WARN_CONSTANT_CONVERSION = YES;
				CLANG_WARN_DEPRECATED_OBJC_IMPLEMENTATIONS = YES;
				CLANG_WARN_DIRECT_OBJC_ISA_USAGE = YES_ERROR;
				CLANG_WARN_DOCUMENTATION_COMMENTS = YES;
				CLANG_WARN_EMPTY_BODY = YES;
				CLANG_WARN_ENUM_CONVERSION = YES;
				CLANG_WARN_INFINITE_RECURSION = YES;
				CLANG_WARN_INT_CONVERSION = YES;
				CLANG_WARN_NON_LITERAL_NULL_CONVERSION = YES;
				CLANG_WARN_OBJC_IMPLICIT_RETAIN_SELF = YES;
				CLANG_WARN_OBJC_LITERAL_CONVERSION = YES;
				CLANG_WARN_OBJC_ROOT_CLASS = YES_ERROR;
				CLANG_WARN_QUOTED_INCLUDE_IN_FRAMEWORK_HEADER = YES;
				CLANG_WARN_RANGE_LOOP_ANALYSIS = YES;
				CLANG_WARN_STRICT_PROTOTYPES = YES;
				CLANG_WARN_SUSPICIOUS_MOVE = YES;
				CLANG_WARN_UNGUARDED_AVAILABILITY = YES_AGGRESSIVE;
				CLANG_WARN_UNREACHABLE_CODE = YES;
				CLANG_WARN__DUPLICATE_METHOD_MATCH = YES;
				COPY_PHASE_STRIP = NO;
				DEBUG_INFORMATION_FORMAT = dwarf;
				ENABLE_STRICT_OBJC_MSGSEND = YES;
				ENABLE_TESTABILITY = YES;
				GCC_C_LANGUAGE_STANDARD = gnu11;
				GCC_DYNAMIC_NO_PIC = NO;
				GCC_NO_COMMON_BLOCKS = YES;
				GCC_OPTIMIZATION_LEVEL = 0;
				GCC_PREPROCESSOR_DEFINITIONS = (
					"DEBUG=1",
					"$(inherited)",
				);
				GCC_WARN_64_TO_32_BIT_CONVERSION = YES;
				GCC_WARN_ABOUT_RETURN_TYPE = YES_ERROR;
				GCC_WARN_UNDECLARED_SELECTOR = YES;
				GCC_WARN_UNINITIALIZED_AUTOS = YES_AGGRESSIVE;
				GCC_WARN_UNUSED_FUNCTION = YES;
				GCC_WARN_UNUSED_VARIABLE = YES;
				IPHONEOS_DEPLOYMENT_TARGET = 16.1;
				MTL_ENABLE_DEBUG_INFO = INCLUDE_SOURCE;
				MTL_FAST_MATH = YES;
				ONLY_ACTIVE_ARCH = YES;
				SDKROOT = iphoneos;
			};
			name = Debug;
		};
		21919DD22A40613C008ECA4F /* Release */ = {
			isa = XCBuildConfiguration;
			buildSettings = {
				ALWAYS_SEARCH_USER_PATHS = NO;
				CLANG_ANALYZER_NONNULL = YES;
				CLANG_ANALYZER_NUMBER_OBJECT_CONVERSION = YES_AGGRESSIVE;
				CLANG_CXX_LANGUAGE_STANDARD = "gnu++20";
				CLANG_ENABLE_MODULES = YES;
				CLANG_ENABLE_OBJC_ARC = YES;
				CLANG_ENABLE_OBJC_WEAK = YES;
				CLANG_WARN_BLOCK_CAPTURE_AUTORELEASING = YES;
				CLANG_WARN_BOOL_CONVERSION = YES;
				CLANG_WARN_COMMA = YES;
				CLANG_WARN_CONSTANT_CONVERSION = YES;
				CLANG_WARN_DEPRECATED_OBJC_IMPLEMENTATIONS = YES;
				CLANG_WARN_DIRECT_OBJC_ISA_USAGE = YES_ERROR;
				CLANG_WARN_DOCUMENTATION_COMMENTS = YES;
				CLANG_WARN_EMPTY_BODY = YES;
				CLANG_WARN_ENUM_CONVERSION = YES;
				CLANG_WARN_INFINITE_RECURSION = YES;
				CLANG_WARN_INT_CONVERSION = YES;
				CLANG_WARN_NON_LITERAL_NULL_CONVERSION = YES;
				CLANG_WARN_OBJC_IMPLICIT_RETAIN_SELF = YES;
				CLANG_WARN_OBJC_LITERAL_CONVERSION = YES;
				CLANG_WARN_OBJC_ROOT_CLASS = YES_ERROR;
				CLANG_WARN_QUOTED_INCLUDE_IN_FRAMEWORK_HEADER = YES;
				CLANG_WARN_RANGE_LOOP_ANALYSIS = YES;
				CLANG_WARN_STRICT_PROTOTYPES = YES;
				CLANG_WARN_SUSPICIOUS_MOVE = YES;
				CLANG_WARN_UNGUARDED_AVAILABILITY = YES_AGGRESSIVE;
				CLANG_WARN_UNREACHABLE_CODE = YES;
				CLANG_WARN__DUPLICATE_METHOD_MATCH = YES;
				COPY_PHASE_STRIP = NO;
				DEBUG_INFORMATION_FORMAT = "dwarf-with-dsym";
				ENABLE_NS_ASSERTIONS = NO;
				ENABLE_STRICT_OBJC_MSGSEND = YES;
				GCC_C_LANGUAGE_STANDARD = gnu11;
				GCC_NO_COMMON_BLOCKS = YES;
				GCC_WARN_64_TO_32_BIT_CONVERSION = YES;
				GCC_WARN_ABOUT_RETURN_TYPE = YES_ERROR;
				GCC_WARN_UNDECLARED_SELECTOR = YES;
				GCC_WARN_UNINITIALIZED_AUTOS = YES_AGGRESSIVE;
				GCC_WARN_UNUSED_FUNCTION = YES;
				GCC_WARN_UNUSED_VARIABLE = YES;
				IPHONEOS_DEPLOYMENT_TARGET = 16.1;
				MTL_ENABLE_DEBUG_INFO = NO;
				MTL_FAST_MATH = YES;
				SDKROOT = iphoneos;
				VALIDATE_PRODUCT = YES;
			};
			name = Release;
		};
		21919DD42A40613C008ECA4F /* Debug */ = {
			isa = XCBuildConfiguration;
			buildSettings = {
				ASSETCATALOG_COMPILER_APPICON_NAME = AppIcon;
				ASSETCATALOG_COMPILER_GLOBAL_ACCENT_COLOR_NAME = AccentColor;
				CODE_SIGN_STYLE = Automatic;
				CURRENT_PROJECT_VERSION = 1;
				FRAMEWORK_SEARCH_PATHS = (
					"$(inherited)",
					"$(PROJECT_DIR)/ZJHAppDemo2",
				);
				GENERATE_INFOPLIST_FILE = YES;
				INFOPLIST_FILE = ZJHAppDemo2/Info.plist;
				INFOPLIST_KEY_UIApplicationSupportsIndirectInputEvents = YES;
				INFOPLIST_KEY_UILaunchStoryboardName = LaunchScreen;
				INFOPLIST_KEY_UIMainStoryboardFile = Main;
				INFOPLIST_KEY_UISupportedInterfaceOrientations_iPad = "UIInterfaceOrientationPortrait UIInterfaceOrientationPortraitUpsideDown UIInterfaceOrientationLandscapeLeft UIInterfaceOrientationLandscapeRight";
				INFOPLIST_KEY_UISupportedInterfaceOrientations_iPhone = "UIInterfaceOrientationPortrait UIInterfaceOrientationLandscapeLeft UIInterfaceOrientationLandscapeRight";
				LD_RUNPATH_SEARCH_PATHS = (
					"$(inherited)",
					"@executable_path/Frameworks",
				);
				LIBRARY_SEARCH_PATHS = (
					"$(inherited)",
					"$(PROJECT_DIR)/ZJHAppDemo2",
				);
				MARKETING_VERSION = 1.0;
				OTHER_LDFLAGS = "-ObjC";
				PRODUCT_BUNDLE_IDENTIFIER = ZJH.ZJHAppDemo2;
				PRODUCT_NAME = "$(TARGET_NAME)";
				SWIFT_EMIT_LOC_STRINGS = YES;
				TARGETED_DEVICE_FAMILY = "1,2";
			};
			name = Debug;
		};
		21919DD52A40613C008ECA4F /* Release */ = {
			isa = XCBuildConfiguration;
			buildSettings = {
				ASSETCATALOG_COMPILER_APPICON_NAME = AppIcon;
				ASSETCATALOG_COMPILER_GLOBAL_ACCENT_COLOR_NAME = AccentColor;
				CODE_SIGN_STYLE = Automatic;
				CURRENT_PROJECT_VERSION = 1;
				FRAMEWORK_SEARCH_PATHS = (
					"$(inherited)",
					"$(PROJECT_DIR)/ZJHAppDemo2",
				);
				GENERATE_INFOPLIST_FILE = YES;
				INFOPLIST_FILE = ZJHAppDemo2/Info.plist;
				INFOPLIST_KEY_UIApplicationSupportsIndirectInputEvents = YES;
				INFOPLIST_KEY_UILaunchStoryboardName = LaunchScreen;
				INFOPLIST_KEY_UIMainStoryboardFile = Main;
				INFOPLIST_KEY_UISupportedInterfaceOrientations_iPad = "UIInterfaceOrientationPortrait UIInterfaceOrientationPortraitUpsideDown UIInterfaceOrientationLandscapeLeft UIInterfaceOrientationLandscapeRight";
				INFOPLIST_KEY_UISupportedInterfaceOrientations_iPhone = "UIInterfaceOrientationPortrait UIInterfaceOrientationLandscapeLeft UIInterfaceOrientationLandscapeRight";
				LD_RUNPATH_SEARCH_PATHS = (
					"$(inherited)",
					"@executable_path/Frameworks",
				);
				LIBRARY_SEARCH_PATHS = (
					"$(inherited)",
					"$(PROJECT_DIR)/ZJHAppDemo2",
				);
				MARKETING_VERSION = 1.0;
				OTHER_LDFLAGS = "-ObjC";
				PRODUCT_BUNDLE_IDENTIFIER = ZJH.ZJHAppDemo2;
				PRODUCT_NAME = "$(TARGET_NAME)";
				SWIFT_EMIT_LOC_STRINGS = YES;
				TARGETED_DEVICE_FAMILY = "1,2";
			};
			name = Release;
		};
/* End XCBuildConfiguration section */

/* Begin XCConfigurationList section */
		21919DB52A40613A008ECA4F /* Build configuration list for PBXProject "ZJHAppDemo2" */ = {
			isa = XCConfigurationList;
			buildConfigurations = (
				21919DD12A40613C008ECA4F /* Debug */,
				21919DD22A40613C008ECA4F /* Release */,
			);
			defaultConfigurationIsVisible = 0;
			defaultConfigurationName = Release;
		};
		21919DD32A40613C008ECA4F /* Build configuration list for PBXNativeTarget "ZJHAppDemo2" */ = {
			isa = XCConfigurationList;
			buildConfigurations = (
				21919DD42A40613C008ECA4F /* Debug */,
				21919DD52A40613C008ECA4F /* Release */,
			);
			defaultConfigurationIsVisible = 0;
			defaultConfigurationName = Release;
		};
/* End XCConfigurationList section */
	};
	rootObject = 21919DB22A40613A008ECA4F /* Project object */;
}
