// !$*UTF8*$!
{
	archiveVersion = 1;
	classes = {
	};
	objectVersion = 56;
	objects = {

/* Begin PBXBuildFile section */
		2105F1982A33081E00B242A2 /* ZJHStaticSDK.m in Sources */ = {isa = PBXBuildFile; fileRef = 2105F1972A33081E00B242A2 /* ZJHStaticSDK.m */; };
		2105F1AB2A33138100B242A2 /* ZJHStaticPrivateTool.m in Sources */ = {isa = PBXBuildFile; fileRef = 2105F1AA2A33138100B242A2 /* ZJHStaticPrivateTool.m */; };
		2105F1AE2A3313AC00B242A2 /* ZJHStaticPublicTool.m in Sources */ = {isa = PBXBuildFile; fileRef = 2105F1AD2A3313AC00B242A2 /* ZJHStaticPublicTool.m */; };
		2105F1B22A331DF600B242A2 /* ZJHStaticPublicTool.h in Copy Files */ = {isa = PBXBuildFile; fileRef = 2105F1AC2A3313AC00B242A2 /* ZJHStaticPublicTool.h */; };
		2105F1B32A331DFA00B242A2 /* ZJHStaticSDK.h in Copy Files */ = {isa = PBXBuildFile; fileRef = 2105F1962A33081E00B242A2 /* ZJHStaticSDK.h */; };
		217B9D6D2A417E0B000F38C0 /* ZJHStaticPublicTool+Category.m in Sources */ = {isa = PBXBuildFile; fileRef = 217B9D6C2A417E0B000F38C0 /* ZJHStaticPublicTool+Category.m */; };
		217B9D6E2A417E93000F38C0 /* ZJHStaticPublicTool+Category.h in Copy Files */ = {isa = PBXBuildFile; fileRef = 217B9D6B2A417E0B000F38C0 /* ZJHStaticPublicTool+Category.h */; };
		21919DB02A405D1C008ECA4F /* ZJHStaticNoUsedTool.m in Sources */ = {isa = PBXBuildFile; fileRef = 21919DAF2A405D1C008ECA4F /* ZJHStaticNoUsedTool.m */; };
/* End PBXBuildFile section */

/* Begin PBXCopyFilesBuildPhase section */
		2105F1912A33081E00B242A2 /* Copy Files */ = {
			isa = PBXCopyFilesBuildPhase;
			buildActionMask = 2147483647;
			dstPath = "include/$(PRODUCT_NAME)";
			dstSubfolderSpec = 16;
			files = (
				217B9D6E2A417E93000F38C0 /* ZJHStaticPublicTool+Category.h in Copy Files */,
				2105F1B32A331DFA00B242A2 /* ZJHStaticSDK.h in Copy Files */,
				2105F1B22A331DF600B242A2 /* ZJHStaticPublicTool.h in Copy Files */,
			);
			name = "Copy Files";
			runOnlyForDeploymentPostprocessing = 0;
		};
/* End PBXCopyFilesBuildPhase section */

/* Begin PBXFileReference section */
		2105F1932A33081E00B242A2 /* libZJHStaticSDK.a */ = {isa = PBXFileReference; explicitFileType = archive.ar; includeInIndex = 0; path = libZJHStaticSDK.a; sourceTree = BUILT_PRODUCTS_DIR; };
		2105F1962A33081E00B242A2 /* ZJHStaticSDK.h */ = {isa = PBXFileReference; lastKnownFileType = sourcecode.c.h; path = ZJHStaticSDK.h; sourceTree = "<group>"; };
		2105F1972A33081E00B242A2 /* ZJHStaticSDK.m */ = {isa = PBXFileReference; lastKnownFileType = sourcecode.c.objc; path = ZJHStaticSDK.m; sourceTree = "<group>"; };
		2105F1A92A33138100B242A2 /* ZJHStaticPrivateTool.h */ = {isa = PBXFileReference; lastKnownFileType = sourcecode.c.h; path = ZJHStaticPrivateTool.h; sourceTree = "<group>"; };
		2105F1AA2A33138100B242A2 /* ZJHStaticPrivateTool.m */ = {isa = PBXFileReference; lastKnownFileType = sourcecode.c.objc; path = ZJHStaticPrivateTool.m; sourceTree = "<group>"; };
		2105F1AC2A3313AC00B242A2 /* ZJHStaticPublicTool.h */ = {isa = PBXFileReference; lastKnownFileType = sourcecode.c.h; path = ZJHStaticPublicTool.h; sourceTree = "<group>"; };
		2105F1AD2A3313AC00B242A2 /* ZJHStaticPublicTool.m */ = {isa = PBXFileReference; lastKnownFileType = sourcecode.c.objc; path = ZJHStaticPublicTool.m; sourceTree = "<group>"; };
		217B9D6B2A417E0B000F38C0 /* ZJHStaticPublicTool+Category.h */ = {isa = PBXFileReference; lastKnownFileType = sourcecode.c.h; path = "ZJHStaticPublicTool+Category.h"; sourceTree = "<group>"; };
		217B9D6C2A417E0B000F38C0 /* ZJHStaticPublicTool+Category.m */ = {isa = PBXFileReference; lastKnownFileType = sourcecode.c.objc; path = "ZJHStaticPublicTool+Category.m"; sourceTree = "<group>"; };
		21919DAE2A405D1C008ECA4F /* ZJHStaticNoUsedTool.h */ = {isa = PBXFileReference; lastKnownFileType = sourcecode.c.h; path = ZJHStaticNoUsedTool.h; sourceTree = "<group>"; };
		21919DAF2A405D1C008ECA4F /* ZJHStaticNoUsedTool.m */ = {isa = PBXFileReference; lastKnownFileType = sourcecode.c.objc; path = ZJHStaticNoUsedTool.m; sourceTree = "<group>"; };
/* End PBXFileReference section */

/* Begin PBXFrameworksBuildPhase section */
		2105F1902A33081E00B242A2 /* Frameworks */ = {
			isa = PBXFrameworksBuildPhase;
			buildActionMask = 2147483647;
			files = (
			);
			runOnlyForDeploymentPostprocessing = 0;
		};
/* End PBXFrameworksBuildPhase section */

/* Begin PBXGroup section */
		2105F18A2A33081E00B242A2 = {
			isa = PBXGroup;
			children = (
				2105F1952A33081E00B242A2 /* ZJHStaticSDK */,
				2105F1942A33081E00B242A2 /* Products */,
			);
			sourceTree = "<group>";
		};
		2105F1942A33081E00B242A2 /* Products */ = {
			isa = PBXGroup;
			children = (
				2105F1932A33081E00B242A2 /* libZJHStaticSDK.a */,
			);
			name = Products;
			sourceTree = "<group>";
		};
		2105F1952A33081E00B242A2 /* ZJHStaticSDK */ = {
			isa = PBXGroup;
			children = (
				2105F1962A33081E00B242A2 /* ZJHStaticSDK.h */,
				2105F1972A33081E00B242A2 /* ZJHStaticSDK.m */,
				2105F1AC2A3313AC00B242A2 /* ZJHStaticPublicTool.h */,
				2105F1AD2A3313AC00B242A2 /* ZJHStaticPublicTool.m */,
				217B9D6B2A417E0B000F38C0 /* ZJHStaticPublicTool+Category.h */,
				217B9D6C2A417E0B000F38C0 /* ZJHStaticPublicTool+Category.m */,
				2105F1A92A33138100B242A2 /* ZJHStaticPrivateTool.h */,
				2105F1AA2A33138100B242A2 /* ZJHStaticPrivateTool.m */,
				21919DAE2A405D1C008ECA4F /* ZJHStaticNoUsedTool.h */,
				21919DAF2A405D1C008ECA4F /* ZJHStaticNoUsedTool.m */,
			);
			path = ZJHStaticSDK;
			sourceTree = "<group>";
		};
/* End PBXGroup section */

/* Begin PBXNativeTarget section */
		2105F1922A33081E00B242A2 /* ZJHStaticSDK */ = {
			isa = PBXNativeTarget;
			buildConfigurationList = 2105F19C2A33081E00B242A2 /* Build configuration list for PBXNativeTarget "ZJHStaticSDK" */;
			buildPhases = (
				2105F18F2A33081E00B242A2 /* Sources */,
				2105F1902A33081E00B242A2 /* Frameworks */,
				2105F1912A33081E00B242A2 /* Copy Files */,
			);
			buildRules = (
			);
			dependencies = (
			);
			name = ZJHStaticSDK;
			productName = ZJHStaticSDK;
			productReference = 2105F1932A33081E00B242A2 /* libZJHStaticSDK.a */;
			productType = "com.apple.product-type.library.static";
		};
/* End PBXNativeTarget section */

/* Begin PBXProject section */
		2105F18B2A33081E00B242A2 /* Project object */ = {
			isa = PBXProject;
			attributes = {
				BuildIndependentTargetsInParallel = 1;
				LastUpgradeCheck = 1410;
				TargetAttributes = {
					2105F1922A33081E00B242A2 = {
						CreatedOnToolsVersion = 14.1;
					};
				};
			};
			buildConfigurationList = 2105F18E2A33081E00B242A2 /* Build configuration list for PBXProject "ZJHStaticSDK" */;
			compatibilityVersion = "Xcode 14.0";
			developmentRegion = en;
			hasScannedForEncodings = 0;
			knownRegions = (
				en,
				Base,
			);
			mainGroup = 2105F18A2A33081E00B242A2;
			productRefGroup = 2105F18A2A33081E00B242A2;
			projectDirPath = "";
			projectRoot = "";
			targets = (
				2105F1922A33081E00B242A2 /* ZJHStaticSDK */,
			);
		};
/* End PBXProject section */

/* Begin PBXSourcesBuildPhase section */
		2105F18F2A33081E00B242A2 /* Sources */ = {
			isa = PBXSourcesBuildPhase;
			buildActionMask = 2147483647;
			files = (
				21919DB02A405D1C008ECA4F /* ZJHStaticNoUsedTool.m in Sources */,
				2105F1AE2A3313AC00B242A2 /* ZJHStaticPublicTool.m in Sources */,
				217B9D6D2A417E0B000F38C0 /* ZJHStaticPublicTool+Category.m in Sources */,
				2105F1AB2A33138100B242A2 /* ZJHStaticPrivateTool.m in Sources */,
				2105F1982A33081E00B242A2 /* ZJHStaticSDK.m in Sources */,
			);
			runOnlyForDeploymentPostprocessing = 0;
		};
/* End PBXSourcesBuildPhase section */

/* Begin XCBuildConfiguration section */
		2105F19A2A33081E00B242A2 /* Debug */ = {
			isa = XCBuildConfiguration;
			buildSettings = {
				ALWAYS_SEARCH_USER_PATHS = NO;
				CLANG_ANALYZER_NONNULL = YES;
				CLANG_ANALYZER_NUMBER_OBJECT_CONVERSION = YES_AGGRESSIVE;
				CLANG_CXX_LANGUAGE_STANDARD = "gnu++20";
				CLANG_ENABLE_MODULES = YES;
				CLANG_ENABLE_OBJC_ARC = YES;
				CLANG_ENABLE_OBJC_WEAK = YES;
				CLANG_WARN_BLOCK_CAPTURE_AUTORELEASING = YES;
				CLANG_WARN_BOOL_CONVERSION = YES;
				CLANG_WARN_COMMA = YES;
				CLANG_WARN_CONSTANT_CONVERSION = YES;
				CLANG_WARN_DEPRECATED_OBJC_IMPLEMENTATIONS = YES;
				CLANG_WARN_DIRECT_OBJC_ISA_USAGE = YES_ERROR;
				CLANG_WARN_DOCUMENTATION_COMMENTS = YES;
				CLANG_WARN_EMPTY_BODY = YES;
				CLANG_WARN_ENUM_CONVERSION = YES;
				CLANG_WARN_INFINITE_RECURSION = YES;
				CLANG_WARN_INT_CONVERSION = YES;
				CLANG_WARN_NON_LITERAL_NULL_CONVERSION = YES;
				CLANG_WARN_OBJC_IMPLICIT_RETAIN_SELF = YES;
				CLANG_WARN_OBJC_LITERAL_CONVERSION = YES;
				CLANG_WARN_OBJC_ROOT_CLASS = YES_ERROR;
				CLANG_WARN_QUOTED_INCLUDE_IN_FRAMEWORK_HEADER = YES;
				CLANG_WARN_RANGE_LOOP_ANALYSIS = YES;
				CLANG_WARN_STRICT_PROTOTYPES = YES;
				CLANG_WARN_SUSPICIOUS_MOVE = YES;
				CLANG_WARN_UNGUARDED_AVAILABILITY = YES_AGGRESSIVE;
				CLANG_WARN_UNREACHABLE_CODE = YES;
				CLANG_WARN__DUPLICATE_METHOD_MATCH = YES;
				COPY_PHASE_STRIP = NO;
				DEBUG_INFORMATION_FORMAT = dwarf;
				ENABLE_STRICT_OBJC_MSGSEND = YES;
				ENABLE_TESTABILITY = YES;
				GCC_C_LANGUAGE_STANDARD = gnu11;
				GCC_DYNAMIC_NO_PIC = NO;
				GCC_NO_COMMON_BLOCKS = YES;
				GCC_OPTIMIZATION_LEVEL = 0;
				GCC_PREPROCESSOR_DEFINITIONS = (
					"DEBUG=1",
					"$(inherited)",
				);
				GCC_WARN_64_TO_32_BIT_CONVERSION = YES;
				GCC_WARN_ABOUT_RETURN_TYPE = YES_ERROR;
				GCC_WARN_UNDECLARED_SELECTOR = YES;
				GCC_WARN_UNINITIALIZED_AUTOS = YES_AGGRESSIVE;
				GCC_WARN_UNUSED_FUNCTION = YES;
				GCC_WARN_UNUSED_VARIABLE = YES;
				IPHONEOS_DEPLOYMENT_TARGET = 16.1;
				MTL_ENABLE_DEBUG_INFO = INCLUDE_SOURCE;
				MTL_FAST_MATH = YES;
				ONLY_ACTIVE_ARCH = YES;
				SDKROOT = iphoneos;
			};
			name = Debug;
		};
		2105F19B2A33081E00B242A2 /* Release */ = {
			isa = XCBuildConfiguration;
			buildSettings = {
				ALWAYS_SEARCH_USER_PATHS = NO;
				CLANG_ANALYZER_NONNULL = YES;
				CLANG_ANALYZER_NUMBER_OBJECT_CONVERSION = YES_AGGRESSIVE;
				CLANG_CXX_LANGUAGE_STANDARD = "gnu++20";
				CLANG_ENABLE_MODULES = YES;
				CLANG_ENABLE_OBJC_ARC = YES;
				CLANG_ENABLE_OBJC_WEAK = YES;
				CLANG_WARN_BLOCK_CAPTURE_AUTORELEASING = YES;
				CLANG_WARN_BOOL_CONVERSION = YES;
				CLANG_WARN_COMMA = YES;
				CLANG_WARN_CONSTANT_CONVERSION = YES;
				CLANG_WARN_DEPRECATED_OBJC_IMPLEMENTATIONS = YES;
				CLANG_WARN_DIRECT_OBJC_ISA_USAGE = YES_ERROR;
				CLANG_WARN_DOCUMENTATION_COMMENTS = YES;
				CLANG_WARN_EMPTY_BODY = YES;
				CLANG_WARN_ENUM_CONVERSION = YES;
				CLANG_WARN_INFINITE_RECURSION = YES;
				CLANG_WARN_INT_CONVERSION = YES;
				CLANG_WARN_NON_LITERAL_NULL_CONVERSION = YES;
				CLANG_WARN_OBJC_IMPLICIT_RETAIN_SELF = YES;
				CLANG_WARN_OBJC_LITERAL_CONVERSION = YES;
				CLANG_WARN_OBJC_ROOT_CLASS = YES_ERROR;
				CLANG_WARN_QUOTED_INCLUDE_IN_FRAMEWORK_HEADER = YES;
				CLANG_WARN_RANGE_LOOP_ANALYSIS = YES;
				CLANG_WARN_STRICT_PROTOTYPES = YES;
				CLANG_WARN_SUSPICIOUS_MOVE = YES;
				CLANG_WARN_UNGUARDED_AVAILABILITY = YES_AGGRESSIVE;
				CLANG_WARN_UNREACHABLE_CODE = YES;
				CLANG_WARN__DUPLICATE_METHOD_MATCH = YES;
				COPY_PHASE_STRIP = NO;
				DEBUG_INFORMATION_FORMAT = "dwarf-with-dsym";
				ENABLE_NS_ASSERTIONS = NO;
				ENABLE_STRICT_OBJC_MSGSEND = YES;
				GCC_C_LANGUAGE_STANDARD = gnu11;
				GCC_NO_COMMON_BLOCKS = YES;
				GCC_WARN_64_TO_32_BIT_CONVERSION = YES;
				GCC_WARN_ABOUT_RETURN_TYPE = YES_ERROR;
				GCC_WARN_UNDECLARED_SELECTOR = YES;
				GCC_WARN_UNINITIALIZED_AUTOS = YES_AGGRESSIVE;
				GCC_WARN_UNUSED_FUNCTION = YES;
				GCC_WARN_UNUSED_VARIABLE = YES;
				IPHONEOS_DEPLOYMENT_TARGET = 16.1;
				MTL_ENABLE_DEBUG_INFO = NO;
				MTL_FAST_MATH = YES;
				SDKROOT = iphoneos;
				VALIDATE_PRODUCT = YES;
			};
			name = Release;
		};
		2105F19D2A33081E00B242A2 /* Debug */ = {
			isa = XCBuildConfiguration;
			buildSettings = {
				CODE_SIGN_STYLE = Automatic;
				HEADER_SEARCH_PATHS = "";
				OTHER_LDFLAGS = "-ObjC";
				PRODUCT_NAME = "$(TARGET_NAME)";
				SKIP_INSTALL = YES;
				TARGETED_DEVICE_FAMILY = "1,2";
			};
			name = Debug;
		};
		2105F19E2A33081E00B242A2 /* Release */ = {
			isa = XCBuildConfiguration;
			buildSettings = {
				CODE_SIGN_STYLE = Automatic;
				HEADER_SEARCH_PATHS = "";
				OTHER_LDFLAGS = "-ObjC";
				PRODUCT_NAME = "$(TARGET_NAME)";
				SKIP_INSTALL = YES;
				TARGETED_DEVICE_FAMILY = "1,2";
			};
			name = Release;
		};
/* End XCBuildConfiguration section */

/* Begin XCConfigurationList section */
		2105F18E2A33081E00B242A2 /* Build configuration list for PBXProject "ZJHStaticSDK" */ = {
			isa = XCConfigurationList;
			buildConfigurations = (
				2105F19A2A33081E00B242A2 /* Debug */,
				2105F19B2A33081E00B242A2 /* Release */,
			);
			defaultConfigurationIsVisible = 0;
			defaultConfigurationName = Release;
		};
		2105F19C2A33081E00B242A2 /* Build configuration list for PBXNativeTarget "ZJHStaticSDK" */ = {
			isa = XCConfigurationList;
			buildConfigurations = (
				2105F19D2A33081E00B242A2 /* Debug */,
				2105F19E2A33081E00B242A2 /* Release */,
			);
			defaultConfigurationIsVisible = 0;
			defaultConfigurationName = Release;
		};
/* End XCConfigurationList section */
	};
	rootObject = 2105F18B2A33081E00B242A2 /* Project object */;
}
